
Microsoft Visual Studio Solution File, Format Version 12.00
# Visual Studio Version 16
VisualStudioVersion = 16.0.31424.327
MinimumVisualStudioVersion = 10.0.40219.1
Project("{FAE04EC0-301F-11D3-BF4B-00C04F79EFBC}") = "MyApp", "MyApp\MyApp.csproj", "{B717446D-F2B9-4C60-9B38-9F48C04672B7}"
EndProject
Global
	GlobalSection(SolutionConfigurationPlatforms) = preSolution
		Debug|Any CPU = Debug|Any CPU
		Release|Any CPU = Release|Any CPU
	EndGlobalSection
	GlobalSection(ProjectConfigurationPlatforms) = postSolution
		{B717446D-F2B9-4C60-9B38-9F48C04672B7}.Debug|Any CPU.ActiveCfg = Debug|Any CPU
		{B717446D-F2B9-4C60-9B38-9F48C04672B7}.Debug|Any CPU.Build.0 = Debug|Any CPU
		{B717446D-F2B9-4C60-9B38-9F48C04672B7}.Release|Any CPU.ActiveCfg = Release|Any CPU
		{B717446D-F2B9-4C60-9B38-9F48C04672B7}.Release|Any CPU.Build.0 = Release|Any CPU
	EndGlobalSection
	GlobalSection(SolutionProperties) = preSolution
		HideSolutionNode = FALSE
	EndGlobalSection
	GlobalSection(ExtensibilityGlobals) = postSolution
		SolutionGuid = {C3B55B6F-E9C6-412A-9BC1-69223B02264D}
	EndGlobalSection
EndGlobal
